
Microsoft Visual Studio Solution File, Format Version 12.00
# Visual Studio Version 17
VisualStudioVersion = 17.4.33213.308
MinimumVisualStudioVersion = 10.0.40219.1
Project("{FAE04EC0-301F-11D3-BF4B-00C04F79EFBC}") = "ClassLibrary1 Lab 2 C=", "ClassLibrary1 Lab 2 C=\ClassLibrary1 Lab 2 C=.csproj", "{B7366F25-B273-44DF-B4BC-ABD81BB7FC0B}"
EndProject
Global
	GlobalSection(SolutionConfigurationPlatforms) = preSolution
		Debug|Any CPU = Debug|Any CPU
		Release|Any CPU = Release|Any CPU
	EndGlobalSection
	GlobalSection(ProjectConfigurationPlatforms) = postSolution
		{B7366F25-B273-44DF-B4BC-ABD81BB7FC0B}.Debug|Any CPU.ActiveCfg = Debug|Any CPU
		{B7366F25-B273-44DF-B4BC-ABD81BB7FC0B}.Debug|Any CPU.Build.0 = Debug|Any CPU
		{B7366F25-B273-44DF-B4BC-ABD81BB7FC0B}.Release|Any CPU.ActiveCfg = Release|Any CPU
		{B7366F25-B273-44DF-B4BC-ABD81BB7FC0B}.Release|Any CPU.Build.0 = Release|Any CPU
	EndGlobalSection
	GlobalSection(SolutionProperties) = preSolution
		HideSolutionNode = FALSE
	EndGlobalSection
	GlobalSection(ExtensibilityGlobals) = postSolution
		SolutionGuid = {F7F23F93-277E-461C-B2AA-489FF0B94615}
	EndGlobalSection
EndGlobal
